
Microsoft Visual Studio Solution File, Format Version 12.00
# Visual Studio Version 17
VisualStudioVersion = 17.3.32901.215
MinimumVisualStudioVersion = 10.0.40219.1
Project("{FAE04EC0-301F-11D3-BF4B-00C04F79EFBC}") = "Simon Project", "Simon Project\Simon Project.csproj", "{9773BF63-35B7-456C-B291-57B0CD11552E}"
EndProject
Global
	GlobalSection(SolutionConfigurationPlatforms) = preSolution
		Debug|Any CPU = Debug|Any CPU
		Release|Any CPU = Release|Any CPU
	EndGlobalSection
	GlobalSection(ProjectConfigurationPlatforms) = postSolution
		{9773BF63-35B7-456C-B291-57B0CD11552E}.Debug|Any CPU.ActiveCfg = Debug|Any CPU
		{9773BF63-35B7-456C-B291-57B0CD11552E}.Debug|Any CPU.Build.0 = Debug|Any CPU
		{9773BF63-35B7-456C-B291-57B0CD11552E}.Release|Any CPU.ActiveCfg = Release|Any CPU
		{9773BF63-35B7-456C-B291-57B0CD11552E}.Release|Any CPU.Build.0 = Release|Any CPU
	EndGlobalSection
	GlobalSection(SolutionProperties) = preSolution
		HideSolutionNode = FALSE
	EndGlobalSection
	GlobalSection(ExtensibilityGlobals) = postSolution
		SolutionGuid = {907FDE70-6E41-4766-BF3C-4E7A81D7081A}
	EndGlobalSection
EndGlobal
